<?xml version="1.0" encoding="utf-8"?>
<Project ToolsVersion="4.0" xmlns="http://schemas.microsoft.com/developer/msbuild/2003">
  <ItemGroup>
    <Filter Include="Resource">
      <UniqueIdentifier>{67DA6AB6-F800-4c08-8B7A-83BB121AAD01}</UniqueIdentifier>
      <Extensions>rc;ico;cur;bmp;dlg;rc2;rct;bin;rgs;gif;jpg;jpeg;jpe;resx;tiff;tif;png;wav;mfcribbon-ms</Extensions>
    </Filter>
    <Filter Include="Src">
      <UniqueIdentifier>{ea1efe21-d643-41ec-91ef-b8fe26f25310}</UniqueIdentifier>
    </Filter>
    <Filter Include="Resource\Header">
      <UniqueIdentifier>{1009fe45-6966-488a-9b46-97ef9baaae30}</UniqueIdentifier>
    </Filter>
    <Filter Include="Resource\Data">
      <UniqueIdentifier>{9b08282b-79fa-41e7-9f73-efe5dbbf096e}</UniqueIdentifier>
    </Filter>
    <Filter Include="Src\DX">
      <UniqueIdentifier>{b20119ea-a1dd-46e5-b754-2670a0d7a5ac}</UniqueIdentifier>
    </Filter>
    <Filter Include="Src\App">
      <UniqueIdentifier>{f6833907-0c8b-43d2-bfb4-cebc25f9dcdb}</UniqueIdentifier>
    </Filter>
    <Filter Include="Src\shader">
      <UniqueIdentifier>{842c54ed-416f-4ab7-b739-fd2877145c09}</UniqueIdentifier>
    </Filter>
  </ItemGroup>
  <ItemGroup>
    <Text Include="ReadMe.txt" />
  </ItemGroup>
  <ItemGroup>
    <ClInclude Include="targetver.h">
      <Filter>Resource\Header</Filter>
    </ClInclude>
    <ClInclude Include="src\DX\Device.h">
      <Filter>Src\DX</Filter>
    </ClInclude>
    <ClInclude Include="src\DX11.h">
      <Filter>Src</Filter>
    </ClInclude>
    <ClInclude Include="src\stdafx.h">
      <Filter>Src</Filter>
    </ClInclude>
    <ClInclude Include="resource\Resource.h">
      <Filter>Resource\Header</Filter>
    </ClInclude>
    <ClInclude Include="src\misc.h">
      <Filter>Src</Filter>
    </ClInclude>
    <ClInclude Include="src\App\app.h">
      <Filter>Src\App</Filter>
    </ClInclude>
    <ClInclude Include="src\DX\util.h">
      <Filter>Src\DX</Filter>
    </ClInclude>
    <ClInclude Include="src\DX\program.h">
      <Filter>Src\DX</Filter>
    </ClInclude>
  </ItemGroup>
  <ItemGroup>
    <ClCompile Include="src\DX\Device.cpp">
      <Filter>Src\DX</Filter>
    </ClCompile>
    <ClCompile Include="src\DX11.cpp">
      <Filter>Src</Filter>
    </ClCompile>
    <ClCompile Include="src\stdafx.cpp">
      <Filter>Src</Filter>
    </ClCompile>
    <ClCompile Include="src\App\app.cpp">
      <Filter>Src\App</Filter>
    </ClCompile>
    <ClCompile Include="src\DX\util.cpp">
      <Filter>Src\DX</Filter>
    </ClCompile>
    <ClCompile Include="src\DX\program.cpp">
      <Filter>Src\DX</Filter>
    </ClCompile>
  </ItemGroup>
  <ItemGroup>
    <Image Include="small.ico">
      <Filter>Resource\Data</Filter>
    </Image>
    <Image Include="resource\DX11.ico">
      <Filter>Resource\Data</Filter>
    </Image>
  </ItemGroup>
  <ItemGroup>
    <ResourceCompile Include="resource\DX11.rc">
      <Filter>Resource\Data</Filter>
    </ResourceCompile>
  </ItemGroup>
  <ItemGroup>
    <None Include="src\shader\deferred_light.fx">
      <Filter>Src\shader</Filter>
    </None>
    <None Include="src\shader\forward.fx">
      <Filter>Src\shader</Filter>
    </None>
  </ItemGroup>
  <ItemGroup>
    <FxCompile Include="src\shader\deferred.fx">
      <Filter>Src\shader</Filter>
    </FxCompile>
  </ItemGroup>
</Project>